// !$*UTF8*$!
{
	archiveVersion = 1;
	classes = {
	};
	objectVersion = 77;
	objects = {

/* Begin PBXBuildFile section */
		022785549CA30F29EE5D1189 /* EscalationBadge.swift in Sources */ = {isa = PBXBuildFile; fileRef = 9E6DEEBE1B334FC5685FC4E5 /* EscalationBadge.swift */; };
		0351ECFBABBD6006E425B4BA /* ChildLoginView.swift in Sources */ = {isa = PBXBuildFile; fileRef = 88AA3B64F59D3D24FA91281B /* ChildLoginView.swift */; };
		09ABEFE60F83398710D571FB /* JoinFamilyView.swift in Sources */ = {isa = PBXBuildFile; fileRef = 4CCC28A3FD2C73A684280A8B /* JoinFamilyView.swift */; };
		09F05C30C15A7DD1691B8E69 /* FamilyModels.swift in Sources */ = {isa = PBXBuildFile; fileRef = 3103D76E83889066B4CDC006 /* FamilyModels.swift */; };
		0B0A4DA780062CDF107BB721 /* CompleteNagIntent.swift in Sources */ = {isa = PBXBuildFile; fileRef = D9F6250F88777E53820A4F59 /* CompleteNagIntent.swift */; };
		0C974A5579777FF4D5E242D6 /* FamilyStatusIntent.swift in Sources */ = {isa = PBXBuildFile; fileRef = 8C70FE14961CC2F9E8593105 /* FamilyStatusIntent.swift */; };
		10648AB653519F63339D0BA7 /* SignupViewModel.swift in Sources */ = {isa = PBXBuildFile; fileRef = 9A04D8ECCD329BE62D5CABEC /* SignupViewModel.swift */; };
		1658C0AC112FE37CF766DA78 /* GamificationModels.swift in Sources */ = {isa = PBXBuildFile; fileRef = F596ADE9A04C40C7E3174959 /* GamificationModels.swift */; };
		19D475F6D49A24E958EB4E00 /* AuthModels.swift in Sources */ = {isa = PBXBuildFile; fileRef = 0C807C8B04BC360E1936FACD /* AuthModels.swift */; };
		20AE20BCBFB7382743294AC6 /* ConsentViewModel.swift in Sources */ = {isa = PBXBuildFile; fileRef = A2167A24BA46966A1CC5F470 /* ConsentViewModel.swift */; };
		2622990D0DCE09B21DB99D10 /* EnvironmentValues+API.swift in Sources */ = {isa = PBXBuildFile; fileRef = 7B70AA17D1E21D3916FD048C /* EnvironmentValues+API.swift */; };
		286523391EC02803D1DD724E /* EditNagView.swift in Sources */ = {isa = PBXBuildFile; fileRef = 185EF763DF413C6E39A88743 /* EditNagView.swift */; };
		2A63ED0A586E3570ED2CDA8D /* LoginView.swift in Sources */ = {isa = PBXBuildFile; fileRef = 72F118F344FB4C3411FAAEC4 /* LoginView.swift */; };
		2C5C0179A7849D66DDBE2A57 /* MemberListViewModel.swift in Sources */ = {isa = PBXBuildFile; fileRef = DAD16D6E59A98D9D44F48D03 /* MemberListViewModel.swift */; };
		30EACC0DF07C98604911212D /* ChildSettingsView.swift in Sources */ = {isa = PBXBuildFile; fileRef = 8E1FCB46DE5A18A14B9B3D86 /* ChildSettingsView.swift */; };
		30FA929AFB9BFB4C088C904F /* ChildLoginViewModel.swift in Sources */ = {isa = PBXBuildFile; fileRef = 80CC6ECFE73948450B574D3E /* ChildLoginViewModel.swift */; };
		30FE0CA1C7AE1A7C39EBC6A1 /* ExcuseModels.swift in Sources */ = {isa = PBXBuildFile; fileRef = 159D7C43D155D86EE40E00A7 /* ExcuseModels.swift */; };
		31786F9BFF5056BF5DD0FB91 /* SafetyModels.swift in Sources */ = {isa = PBXBuildFile; fileRef = A14A7ACF3D604B6E110A26B4 /* SafetyModels.swift */; };
		33ECF4A54330D14672B855EB /* DatabaseManager.swift in Sources */ = {isa = PBXBuildFile; fileRef = 0859112BEE5F101B319AFE76 /* DatabaseManager.swift */; };
		3442D55AEDBE7F239642D7FF /* CachedRecords.swift in Sources */ = {isa = PBXBuildFile; fileRef = 09228CDDB89EBA4479C10F8B /* CachedRecords.swift */; };
		350FB4B166D078DD5BC0EEC9 /* CreateNagViewModel.swift in Sources */ = {isa = PBXBuildFile; fileRef = 2D5DE9C0FB044817490BD132 /* CreateNagViewModel.swift */; };
		396E4226730469AEA60B71D9 /* NagListViewModel.swift in Sources */ = {isa = PBXBuildFile; fileRef = 3EC5EC449162BDDDA1AEA55E /* NagListViewModel.swift */; };
		3D690C5895332B064AB5750A /* LegalModels.swift in Sources */ = {isa = PBXBuildFile; fileRef = F46A3E90EEC26B840C950557 /* LegalModels.swift */; };
		3F839196F729C55C3BA08E8D /* NagzAIAdapter.swift in Sources */ = {isa = PBXBuildFile; fileRef = 44DB9A94BE69B3EBE0B81F17 /* NagzAIAdapter.swift */; };
		41624A0FA5DBA542A0351B6C /* EscalationModels.swift in Sources */ = {isa = PBXBuildFile; fileRef = 04D5AC512A990EFC2E729F29 /* EscalationModels.swift */; };
		424953649E34B0D46C75BD5F /* ModelDecodingTests.swift in Sources */ = {isa = PBXBuildFile; fileRef = 1FBFCDE4C04F3EC809309128 /* ModelDecodingTests.swift */; };
		4440085F3A155A314DC293BE /* PushNotificationService.swift in Sources */ = {isa = PBXBuildFile; fileRef = 17D33EACD9E91105C8BA2127 /* PushNotificationService.swift */; };
		453A01D996643520BF1F5867 /* ServiceAndViewModelTests.swift in Sources */ = {isa = PBXBuildFile; fileRef = 9E704F9C74A46E2A119130C3 /* ServiceAndViewModelTests.swift */; };
		46EEE8DB4387C89E94E33E66 /* GRDB in Frameworks */ = {isa = PBXBuildFile; productRef = 6AA6D2A0605204CDBCCED3B3 /* GRDB */; };
		48E1985830A142888450B547 /* IntentServiceContainer.swift in Sources */ = {isa = PBXBuildFile; fileRef = BD1EC9622D9A307210DFE613 /* IntentServiceContainer.swift */; };
		48F29924A9EAEE816CE948E5 /* NagDetailView.swift in Sources */ = {isa = PBXBuildFile; fileRef = 83E67D051966AD3EDD9F8D7C /* NagDetailView.swift */; };
		49E8DCA9F8BEADFF7072B9E0 /* NagzIntentError.swift in Sources */ = {isa = PBXBuildFile; fileRef = 74DEF78D6D5B4D5777557403 /* NagzIntentError.swift */; };
		4B90156F8357D1396A095922 /* FamilyMemberEntity.swift in Sources */ = {isa = PBXBuildFile; fileRef = 380014CE84898708152E95D9 /* FamilyMemberEntity.swift */; };
		4EB168C1EC00F8360532A492 /* ChildNagRowView.swift in Sources */ = {isa = PBXBuildFile; fileRef = FF91FF14F9B6661EF3E3BBE5 /* ChildNagRowView.swift */; };
		505CA8990F29CD58610ABF47 /* AuthenticatedTabView.swift in Sources */ = {isa = PBXBuildFile; fileRef = 1E89A05814372C9BCE15E6EC /* AuthenticatedTabView.swift */; };
		553C3C39F4C65BA967C818EA /* ChildNagListView.swift in Sources */ = {isa = PBXBuildFile; fileRef = 52C07FF964E0F9AE14A6B179 /* ChildNagListView.swift */; };
		5623F365A067F7E33C395F7D /* PolicyDetailView.swift in Sources */ = {isa = PBXBuildFile; fileRef = 6ED1D6F2ECDC7A749F865DCD /* PolicyDetailView.swift */; };
		577DDC65B9F769BBF403122F /* KeychainAccess in Frameworks */ = {isa = PBXBuildFile; productRef = 545A46357975BAA1644730CE /* KeychainAccess */; };
		58997B57F6EEF60B40681A54 /* GamificationViewModel.swift in Sources */ = {isa = PBXBuildFile; fileRef = 9DBB9A681F612EC3473C6868 /* GamificationViewModel.swift */; };
		59BD6575E5DB1963CC5318A7 /* NagzAI in Frameworks */ = {isa = PBXBuildFile; productRef = AA0470813CE5E9E39FC7A9BA /* NagzAI */; };
		5C6D1B7A29FCDA749A160A9C /* ChildControlsView.swift in Sources */ = {isa = PBXBuildFile; fileRef = FC83E054B31232050F5192EA /* ChildControlsView.swift */; };
		60753DD6A5B3A56B59878C5F /* ConnectionListView.swift in Sources */ = {isa = PBXBuildFile; fileRef = 467128F4726233C3AAE17CB0 /* ConnectionListView.swift */; };
		648A714E50978D32602CF46C /* VersionModels.swift in Sources */ = {isa = PBXBuildFile; fileRef = CCA86773FC15EB5B201B38D0 /* VersionModels.swift */; };
		69072BBDECA8680C5104363E /* AccountView.swift in Sources */ = {isa = PBXBuildFile; fileRef = D2C31A6C1CA6645B991FD667 /* AccountView.swift */; };
		69B2329CBD7DCE0EF5D4EF2E /* MemberListView.swift in Sources */ = {isa = PBXBuildFile; fileRef = 07D0EAC9F8FFBA5872FD80CF /* MemberListView.swift */; };
		6A9785BA9A4D40BF26A27C1A /* APIEndpoint.swift in Sources */ = {isa = PBXBuildFile; fileRef = F73099FD428BA8EC44A85ECB /* APIEndpoint.swift */; };
		6B2B1510A1A976D4A10E0ECC /* NagzShortcutsProvider.swift in Sources */ = {isa = PBXBuildFile; fileRef = E5B561981AFC048F7946AFD5 /* NagzShortcutsProvider.swift */; };
		71BEF3575BABE9D8B29022D3 /* ManageMembersViewModel.swift in Sources */ = {isa = PBXBuildFile; fileRef = 95C278AF89622477580059EE /* ManageMembersViewModel.swift */; };
		71FAD77F4EB7237EBA677EBB /* OnboardingView.swift in Sources */ = {isa = PBXBuildFile; fileRef = 32BC41F85C6F59CACA8DF25B /* OnboardingView.swift */; };
		7647521DEFBD599A206F7591 /* MemberRowView.swift in Sources */ = {isa = PBXBuildFile; fileRef = D3BF64C56EBAEE04E21E7452 /* MemberRowView.swift */; };
		791570AA436243B5E505AD63 /* ConsentListView.swift in Sources */ = {isa = PBXBuildFile; fileRef = 59967DFB14517E9CBB7944FC /* ConsentListView.swift */; };
		7A6DD790F8FADCFDDB11E379 /* PaginatedResponse.swift in Sources */ = {isa = PBXBuildFile; fileRef = 5A69383318CB720FC401D0D7 /* PaginatedResponse.swift */; };
		7D06F9B2EB4D57AB93B9628F /* PreferencesView.swift in Sources */ = {isa = PBXBuildFile; fileRef = 117B176A8976E69A3F640E02 /* PreferencesView.swift */; };
		7D61B95C5D243F455A2867D9 /* NagEntityQuery.swift in Sources */ = {isa = PBXBuildFile; fileRef = 641505646ADAEFC4E3E1EF8F /* NagEntityQuery.swift */; };
		819FCF0B39F62DA3FFDEAD64 /* EnvironmentValues+AI.swift in Sources */ = {isa = PBXBuildFile; fileRef = 32E79F766FA3ADAA76B955F3 /* EnvironmentValues+AI.swift */; };
		81C74DBDC5B5C4147B3B99D7 /* ContentView.swift in Sources */ = {isa = PBXBuildFile; fileRef = 3EDC2854A3127F68733D4958 /* ContentView.swift */; };
		8465FF82F8BB7D1B40E1D8DC /* PreferenceModels.swift in Sources */ = {isa = PBXBuildFile; fileRef = C9555685DE01F4548E6AC6A0 /* PreferenceModels.swift */; };
		8579B29A3F43AEF61D5C8E26 /* ConnectionModels.swift in Sources */ = {isa = PBXBuildFile; fileRef = F59395DC1BAF57200303E3F1 /* ConnectionModels.swift */; };
		876657DDB7F29994F1F552D9 /* DebugLogger.swift in Sources */ = {isa = PBXBuildFile; fileRef = 3FDB7AE9D441B80CBA3645F1 /* DebugLogger.swift */; };
		8776E95DB82675F3688BEB91 /* SafetyView.swift in Sources */ = {isa = PBXBuildFile; fileRef = 9AB45B90E8BEC815179C22DF /* SafetyView.swift */; };
		886438D017AF431894B099E7 /* ReportModels.swift in Sources */ = {isa = PBXBuildFile; fileRef = BAA9ECF7D3600FB6AF4C758C /* ReportModels.swift */; };
		8C6174B2DB97D37F62276D73 /* CreateNagView.swift in Sources */ = {isa = PBXBuildFile; fileRef = E84EB1DEEB1724609FA6FFC9 /* CreateNagView.swift */; };
		8D8F30C0E7EAE400C16C0C77 /* AuthManager.swift in Sources */ = {isa = PBXBuildFile; fileRef = 1AC6950A07FD4A8909F73946 /* AuthManager.swift */; };
		8FDC13F68CD74018BD19792D /* ErrorBanner.swift in Sources */ = {isa = PBXBuildFile; fileRef = 4390EE8B448189A83504758C /* ErrorBanner.swift */; };
		8FE044ED4C9F9F4B97EBED73 /* VersionChecker.swift in Sources */ = {isa = PBXBuildFile; fileRef = D917295C9B5550C0BE6F63EF /* VersionChecker.swift */; };
		92B2DE215E9885838392AED3 /* PolicyListView.swift in Sources */ = {isa = PBXBuildFile; fileRef = EBD44C1B308F9911F7BCBC0C /* PolicyListView.swift */; };
		96E14843B3D9DAFC0F5F5012 /* PreferencesViewModel.swift in Sources */ = {isa = PBXBuildFile; fileRef = 3C4FEFE928E873F8975C711D /* PreferencesViewModel.swift */; };
		987CCC9B527CF1206510F370 /* EditNagViewModel.swift in Sources */ = {isa = PBXBuildFile; fileRef = D6518A68E624AD12C6521FA5 /* EditNagViewModel.swift */; };
		98CF40F3E91F9C6EE85093D9 /* SnoozeNagIntent.swift in Sources */ = {isa = PBXBuildFile; fileRef = 1A5F3F576C762EADB7633DEF /* SnoozeNagIntent.swift */; };
		9A67032E0886B847102D1DA1 /* CheckOverdueIntent.swift in Sources */ = {isa = PBXBuildFile; fileRef = 2C57745D002D5B132D09F966 /* CheckOverdueIntent.swift */; };
		9B56D91A72953824D2A02C83 /* GamificationView.swift in Sources */ = {isa = PBXBuildFile; fileRef = AD3190FAD0A5DD8A6323C69C /* GamificationView.swift */; };
		9DA8639D59F1348334A51445 /* IncentiveRulesViewModel.swift in Sources */ = {isa = PBXBuildFile; fileRef = FC1268A6068C60F603BC606E /* IncentiveRulesViewModel.swift */; };
		9E3B5FA1D29A914B45079842 /* NagModels.swift in Sources */ = {isa = PBXBuildFile; fileRef = 3B64AA3271570CA97B005E91 /* NagModels.swift */; };
		9E9777788381B3FE5299DEF1 /* Phase2CoverageTests.swift in Sources */ = {isa = PBXBuildFile; fileRef = ECE9137ED0D0FA304A0A8EAA /* Phase2CoverageTests.swift */; };
		A02F31959B76DCC68EDD01EA /* ConnectionListViewModel.swift in Sources */ = {isa = PBXBuildFile; fileRef = 65B5A59245D815BE4F037687 /* ConnectionListViewModel.swift */; };
		A162D3663B6E637EFC3AC318 /* LoginViewModel.swift in Sources */ = {isa = PBXBuildFile; fileRef = 0AA44AE0BEBA58C043C996A1 /* LoginViewModel.swift */; };
		A1D1DFE47E74F80A86E4EDF0 /* Phase4ViewModelTests.swift in Sources */ = {isa = PBXBuildFile; fileRef = 64A2FA953CD86193ED97EFAD /* Phase4ViewModelTests.swift */; };
		A5B6D3FBA1FCB465BC5164EC /* WebSocketService.swift in Sources */ = {isa = PBXBuildFile; fileRef = 4E48765280848B00D4764541 /* WebSocketService.swift */; };
		A5FD1E615937A6EAB31D655C /* AIInsightsSection.swift in Sources */ = {isa = PBXBuildFile; fileRef = D39DE2EA259DDE6D7C4C7320 /* AIInsightsSection.swift */; };
		A922A5B3B8F9CDCF4BD36533 /* APIClient.swift in Sources */ = {isa = PBXBuildFile; fileRef = 9690A2B5BD1CBA627F52AF4E /* APIClient.swift */; };
		A99865BA24EB19746267C03B /* AppEnvironment.swift in Sources */ = {isa = PBXBuildFile; fileRef = 6E621A4F0EDD94F399E2C9DA /* AppEnvironment.swift */; };
		A9C26BD7772B632CECDF917E /* NagRowView.swift in Sources */ = {isa = PBXBuildFile; fileRef = 5C524E4F6DAAD0936C7DC24B /* NagRowView.swift */; };
		AAAD4B3DA334581D8040E835 /* Date+Formatting.swift in Sources */ = {isa = PBXBuildFile; fileRef = 8F8430225ED802B793D2E6C2 /* Date+Formatting.swift */; };
		AB9FA232D246AB19B4EA262F /* ConsentModels.swift in Sources */ = {isa = PBXBuildFile; fileRef = AA264D3B7744A48AB3904C2F /* ConsentModels.swift */; };
		ABE7491D55FBA095F89BFD3A /* ManageMembersView.swift in Sources */ = {isa = PBXBuildFile; fileRef = 615BFEFFC265637815DB1707 /* ManageMembersView.swift */; };
		ACBE1FC8906E623F15349BAA /* CreateNagIntent.swift in Sources */ = {isa = PBXBuildFile; fileRef = A4570F057307070C0CF2C47D /* CreateNagIntent.swift */; };
		AEFCF8156E0CF766CC91D2B2 /* Constants.swift in Sources */ = {isa = PBXBuildFile; fileRef = 2524FDBBE8F215CAB498AD90 /* Constants.swift */; };
		B4181171676EAD0BACA7E4AA /* DeliveryModels.swift in Sources */ = {isa = PBXBuildFile; fileRef = 3C2745952F84266C12B43D6F /* DeliveryModels.swift */; };
		B45D7C13CBAF43DDD2DC7EF7 /* CreateFamilyView.swift in Sources */ = {isa = PBXBuildFile; fileRef = 478FD6A5253FF850A9EC7832 /* CreateFamilyView.swift */; };
		B5C3E058B2FF4E6F43F5AD53 /* Assets.xcassets in Resources */ = {isa = PBXBuildFile; fileRef = 987A5CE42CC1B28C6E9697DA /* Assets.xcassets */; };
		B6611247C648154741F70815 /* DeliveryHistoryViewModel.swift in Sources */ = {isa = PBXBuildFile; fileRef = 10DD058430F66D0C0640ABB8 /* DeliveryHistoryViewModel.swift */; };
		B8924A914C8E48A117B9E506 /* Enums.swift in Sources */ = {isa = PBXBuildFile; fileRef = 5243F4CFE024BC04B61879D1 /* Enums.swift */; };
		B9EC5FC025893AEFB863FA97 /* SafetyViewModel.swift in Sources */ = {isa = PBXBuildFile; fileRef = 90C1EED5F97864A105AE2117 /* SafetyViewModel.swift */; };
		BC3F961DC9D45F8A5813CA82 /* SignupView.swift in Sources */ = {isa = PBXBuildFile; fileRef = AE0B9F4BCBAB9DA56A1A82E9 /* SignupView.swift */; };
		BED7041B5A270167EA6FD99B /* NagListView.swift in Sources */ = {isa = PBXBuildFile; fileRef = A03B64D4D5A805C21596C5F0 /* NagListView.swift */; };
		C072BCF52EA70376D2D99D72 /* AIService.swift in Sources */ = {isa = PBXBuildFile; fileRef = B2070199AFE540C086F22328 /* AIService.swift */; };
		C4511CD48BEEB9803576A532 /* AppDelegate.swift in Sources */ = {isa = PBXBuildFile; fileRef = 799222C076E18C851FFF7C9E /* AppDelegate.swift */; };
		C6AD093090BB94EE3660E7B1 /* ErrorModels.swift in Sources */ = {isa = PBXBuildFile; fileRef = A8AEE80ECDC2335FED6F07DD /* ErrorModels.swift */; };
		C8ED407409D4BBED50982A85 /* KeychainService.swift in Sources */ = {isa = PBXBuildFile; fileRef = 62B0E5FF945FF5C1DF5EA1D3 /* KeychainService.swift */; };
		C8FE07CDAE40C2B50B1E6B9C /* DeliveryHistoryView.swift in Sources */ = {isa = PBXBuildFile; fileRef = B16BEEBE6F3B1BEACF53FFAC /* DeliveryHistoryView.swift */; };
		CB7B9097C3114AF997C50D34 /* NagEntity.swift in Sources */ = {isa = PBXBuildFile; fileRef = B1C39F97A1E2D4580F9FA2ED /* NagEntity.swift */; };
		CC898491EAE1236F629698BA /* SyncService.swift in Sources */ = {isa = PBXBuildFile; fileRef = 7321DCBD5A00F79FB61647A6 /* SyncService.swift */; };
		CCFE2834956D7B50CA7BBFD6 /* FamilyViewModel.swift in Sources */ = {isa = PBXBuildFile; fileRef = C48EF0BFA6111245B86B2971 /* FamilyViewModel.swift */; };
		CE5DC0B940DB0ECF0C011EE0 /* NagCategoryAppEnum.swift in Sources */ = {isa = PBXBuildFile; fileRef = E65F8952661E5F83A2872401 /* NagCategoryAppEnum.swift */; };
		D29AAACAA7F5979ABE80872C /* FeedbackMailView.swift in Sources */ = {isa = PBXBuildFile; fileRef = 31B4B0F6151CF0A237EA9D54 /* FeedbackMailView.swift */; };
		D6359AE98AC40702D93A1C6F /* IntentTests.swift in Sources */ = {isa = PBXBuildFile; fileRef = B53EA32F83C1765C5E316E83 /* IntentTests.swift */; };
		D64A4632685509BEB0018D5E /* PolicyViewModel.swift in Sources */ = {isa = PBXBuildFile; fileRef = A32FE9E4FB799832D5C3B0B5 /* PolicyViewModel.swift */; };
		DA6060AE8EAE463303B6F915 /* NagzApp.swift in Sources */ = {isa = PBXBuildFile; fileRef = AAF6A3CE8CF93F2302F54967 /* NagzApp.swift */; };
		DC17FA6987A2F88885F7B15F /* ListNagsIntent.swift in Sources */ = {isa = PBXBuildFile; fileRef = 159F6509A2190F49906305DE /* ListNagsIntent.swift */; };
		DC627120DB1236F87092E238 /* PrivacyInfo.xcprivacy in Resources */ = {isa = PBXBuildFile; fileRef = AE9F39D8D6DE81E447905298 /* PrivacyInfo.xcprivacy */; };
		DD88847671E998BB509F2919 /* PolicyModels.swift in Sources */ = {isa = PBXBuildFile; fileRef = FB2AF689B606E365EF7055E5 /* PolicyModels.swift */; };
		E14CC869FBBD0CCCF71E2B65 /* IncentiveModels.swift in Sources */ = {isa = PBXBuildFile; fileRef = 49E63852FE42057F07D13A9E /* IncentiveModels.swift */; };
		E1500DDC1F96E93ED0A0D906 /* DeviceModels.swift in Sources */ = {isa = PBXBuildFile; fileRef = C3304DDCA502144AB4F456FB /* DeviceModels.swift */; };
		E432F56856E032272D70C75E /* FamilyInsightsView.swift in Sources */ = {isa = PBXBuildFile; fileRef = 0BBA3F84C3E6EA2398CA6CCD /* FamilyInsightsView.swift */; };
		E55E674847582815348C56A8 /* ReportsViewModel.swift in Sources */ = {isa = PBXBuildFile; fileRef = 6919F4ECE9F941CEA3558B8C /* ReportsViewModel.swift */; };
		E5FBFF061C137C8F92E30030 /* InviteConnectionView.swift in Sources */ = {isa = PBXBuildFile; fileRef = 0BB814065DDF1AE7736CE000 /* InviteConnectionView.swift */; };
		E6C2D67EBC5D812CF590C0AD /* IncentiveRulesView.swift in Sources */ = {isa = PBXBuildFile; fileRef = 1618B20BD4EBDD00C94901B5 /* IncentiveRulesView.swift */; };
		EBFA84D9138F0B611957E4B0 /* ReportsView.swift in Sources */ = {isa = PBXBuildFile; fileRef = E4A715516D53FF9CD1661B2E /* ReportsView.swift */; };
		F0AB75924FFE303B835955DC /* ChildTabView.swift in Sources */ = {isa = PBXBuildFile; fileRef = D8046B20FB1D7A89FDFDDBD8 /* ChildTabView.swift */; };
		F527047B44CB0A89B8A82E21 /* NagDetailViewModel.swift in Sources */ = {isa = PBXBuildFile; fileRef = 0D8B860496CD6D4BE858F1F2 /* NagDetailViewModel.swift */; };
		F754AE5579AB840BF5144223 /* FamilyMemberQuery.swift in Sources */ = {isa = PBXBuildFile; fileRef = 900FB4265B1BED2475827172 /* FamilyMemberQuery.swift */; };
		FA33F894752016C4B3020AB3 /* LegalDocumentView.swift in Sources */ = {isa = PBXBuildFile; fileRef = C51ABC6C49366CC13AA23E5C /* LegalDocumentView.swift */; };
		FDA477888348BFF5346924C4 /* AIModels.swift in Sources */ = {isa = PBXBuildFile; fileRef = C8D5A1D2FBCFD9344C12FD96 /* AIModels.swift */; };
/* End PBXBuildFile section */

/* Begin PBXContainerItemProxy section */
		EBA8838393C257AA0A8F2391 /* PBXContainerItemProxy */ = {
			isa = PBXContainerItemProxy;
			containerPortal = 07D2A0280A1C8F115CEAD3AB /* Project object */;
			proxyType = 1;
			remoteGlobalIDString = E2CABC3A37EAE0C3A3E1F72D;
			remoteInfo = Nagz;
		};
/* End PBXContainerItemProxy section */

/* Begin PBXFileReference section */
		04D5AC512A990EFC2E729F29 /* EscalationModels.swift */ = {isa = PBXFileReference; lastKnownFileType = sourcecode.swift; path = EscalationModels.swift; sourceTree = "<group>"; };
		07D0EAC9F8FFBA5872FD80CF /* MemberListView.swift */ = {isa = PBXFileReference; lastKnownFileType = sourcecode.swift; path = MemberListView.swift; sourceTree = "<group>"; };
		0859112BEE5F101B319AFE76 /* DatabaseManager.swift */ = {isa = PBXFileReference; lastKnownFileType = sourcecode.swift; path = DatabaseManager.swift; sourceTree = "<group>"; };
		09228CDDB89EBA4479C10F8B /* CachedRecords.swift */ = {isa = PBXFileReference; lastKnownFileType = sourcecode.swift; path = CachedRecords.swift; sourceTree = "<group>"; };
		0AA44AE0BEBA58C043C996A1 /* LoginViewModel.swift */ = {isa = PBXFileReference; lastKnownFileType = sourcecode.swift; path = LoginViewModel.swift; sourceTree = "<group>"; };
		0BB814065DDF1AE7736CE000 /* InviteConnectionView.swift */ = {isa = PBXFileReference; lastKnownFileType = sourcecode.swift; path = InviteConnectionView.swift; sourceTree = "<group>"; };
		0BBA3F84C3E6EA2398CA6CCD /* FamilyInsightsView.swift */ = {isa = PBXFileReference; lastKnownFileType = sourcecode.swift; path = FamilyInsightsView.swift; sourceTree = "<group>"; };
		0C807C8B04BC360E1936FACD /* AuthModels.swift */ = {isa = PBXFileReference; lastKnownFileType = sourcecode.swift; path = AuthModels.swift; sourceTree = "<group>"; };
		0D8B860496CD6D4BE858F1F2 /* NagDetailViewModel.swift */ = {isa = PBXFileReference; lastKnownFileType = sourcecode.swift; path = NagDetailViewModel.swift; sourceTree = "<group>"; };
		10DD058430F66D0C0640ABB8 /* DeliveryHistoryViewModel.swift */ = {isa = PBXFileReference; lastKnownFileType = sourcecode.swift; path = DeliveryHistoryViewModel.swift; sourceTree = "<group>"; };
		117B176A8976E69A3F640E02 /* PreferencesView.swift */ = {isa = PBXFileReference; lastKnownFileType = sourcecode.swift; path = PreferencesView.swift; sourceTree = "<group>"; };
		159D7C43D155D86EE40E00A7 /* ExcuseModels.swift */ = {isa = PBXFileReference; lastKnownFileType = sourcecode.swift; path = ExcuseModels.swift; sourceTree = "<group>"; };
		159F6509A2190F49906305DE /* ListNagsIntent.swift */ = {isa = PBXFileReference; lastKnownFileType = sourcecode.swift; path = ListNagsIntent.swift; sourceTree = "<group>"; };
		1618B20BD4EBDD00C94901B5 /* IncentiveRulesView.swift */ = {isa = PBXFileReference; lastKnownFileType = sourcecode.swift; path = IncentiveRulesView.swift; sourceTree = "<group>"; };
		17C15105D93BCA259662041F /* Nagz.entitlements */ = {isa = PBXFileReference; lastKnownFileType = text.plist.entitlements; path = Nagz.entitlements; sourceTree = "<group>"; };
		17D33EACD9E91105C8BA2127 /* PushNotificationService.swift */ = {isa = PBXFileReference; lastKnownFileType = sourcecode.swift; path = PushNotificationService.swift; sourceTree = "<group>"; };
		185EF763DF413C6E39A88743 /* EditNagView.swift */ = {isa = PBXFileReference; lastKnownFileType = sourcecode.swift; path = EditNagView.swift; sourceTree = "<group>"; };
		1A5F3F576C762EADB7633DEF /* SnoozeNagIntent.swift */ = {isa = PBXFileReference; lastKnownFileType = sourcecode.swift; path = SnoozeNagIntent.swift; sourceTree = "<group>"; };
		1AC6950A07FD4A8909F73946 /* AuthManager.swift */ = {isa = PBXFileReference; lastKnownFileType = sourcecode.swift; path = AuthManager.swift; sourceTree = "<group>"; };
		1D21CD1CA6DC50F3409A8834 /* Info.plist */ = {isa = PBXFileReference; lastKnownFileType = text.plist; path = Info.plist; sourceTree = "<group>"; };
		1E89A05814372C9BCE15E6EC /* AuthenticatedTabView.swift */ = {isa = PBXFileReference; lastKnownFileType = sourcecode.swift; path = AuthenticatedTabView.swift; sourceTree = "<group>"; };
		1FBFCDE4C04F3EC809309128 /* ModelDecodingTests.swift */ = {isa = PBXFileReference; lastKnownFileType = sourcecode.swift; path = ModelDecodingTests.swift; sourceTree = "<group>"; };
		2524FDBBE8F215CAB498AD90 /* Constants.swift */ = {isa = PBXFileReference; lastKnownFileType = sourcecode.swift; path = Constants.swift; sourceTree = "<group>"; };
		2C57745D002D5B132D09F966 /* CheckOverdueIntent.swift */ = {isa = PBXFileReference; lastKnownFileType = sourcecode.swift; path = CheckOverdueIntent.swift; sourceTree = "<group>"; };
		2D5DE9C0FB044817490BD132 /* CreateNagViewModel.swift */ = {isa = PBXFileReference; lastKnownFileType = sourcecode.swift; path = CreateNagViewModel.swift; sourceTree = "<group>"; };
		3103D76E83889066B4CDC006 /* FamilyModels.swift */ = {isa = PBXFileReference; lastKnownFileType = sourcecode.swift; path = FamilyModels.swift; sourceTree = "<group>"; };
		31B4B0F6151CF0A237EA9D54 /* FeedbackMailView.swift */ = {isa = PBXFileReference; lastKnownFileType = sourcecode.swift; path = FeedbackMailView.swift; sourceTree = "<group>"; };
		32BC41F85C6F59CACA8DF25B /* OnboardingView.swift */ = {isa = PBXFileReference; lastKnownFileType = sourcecode.swift; path = OnboardingView.swift; sourceTree = "<group>"; };
		32E79F766FA3ADAA76B955F3 /* EnvironmentValues+AI.swift */ = {isa = PBXFileReference; lastKnownFileType = sourcecode.swift; path = "EnvironmentValues+AI.swift"; sourceTree = "<group>"; };
		380014CE84898708152E95D9 /* FamilyMemberEntity.swift */ = {isa = PBXFileReference; lastKnownFileType = sourcecode.swift; path = FamilyMemberEntity.swift; sourceTree = "<group>"; };
		3B64AA3271570CA97B005E91 /* NagModels.swift */ = {isa = PBXFileReference; lastKnownFileType = sourcecode.swift; path = NagModels.swift; sourceTree = "<group>"; };
		3C2745952F84266C12B43D6F /* DeliveryModels.swift */ = {isa = PBXFileReference; lastKnownFileType = sourcecode.swift; path = DeliveryModels.swift; sourceTree = "<group>"; };
		3C4FEFE928E873F8975C711D /* PreferencesViewModel.swift */ = {isa = PBXFileReference; lastKnownFileType = sourcecode.swift; path = PreferencesViewModel.swift; sourceTree = "<group>"; };
		3EC5EC449162BDDDA1AEA55E /* NagListViewModel.swift */ = {isa = PBXFileReference; lastKnownFileType = sourcecode.swift; path = NagListViewModel.swift; sourceTree = "<group>"; };
		3EDC2854A3127F68733D4958 /* ContentView.swift */ = {isa = PBXFileReference; lastKnownFileType = sourcecode.swift; path = ContentView.swift; sourceTree = "<group>"; };
		3FDB7AE9D441B80CBA3645F1 /* DebugLogger.swift */ = {isa = PBXFileReference; lastKnownFileType = sourcecode.swift; path = DebugLogger.swift; sourceTree = "<group>"; };
		4390EE8B448189A83504758C /* ErrorBanner.swift */ = {isa = PBXFileReference; lastKnownFileType = sourcecode.swift; path = ErrorBanner.swift; sourceTree = "<group>"; };
		44DB9A94BE69B3EBE0B81F17 /* NagzAIAdapter.swift */ = {isa = PBXFileReference; lastKnownFileType = sourcecode.swift; path = NagzAIAdapter.swift; sourceTree = "<group>"; };
		467128F4726233C3AAE17CB0 /* ConnectionListView.swift */ = {isa = PBXFileReference; lastKnownFileType = sourcecode.swift; path = ConnectionListView.swift; sourceTree = "<group>"; };
		478FD6A5253FF850A9EC7832 /* CreateFamilyView.swift */ = {isa = PBXFileReference; lastKnownFileType = sourcecode.swift; path = CreateFamilyView.swift; sourceTree = "<group>"; };
		49E63852FE42057F07D13A9E /* IncentiveModels.swift */ = {isa = PBXFileReference; lastKnownFileType = sourcecode.swift; path = IncentiveModels.swift; sourceTree = "<group>"; };
		4CCC28A3FD2C73A684280A8B /* JoinFamilyView.swift */ = {isa = PBXFileReference; lastKnownFileType = sourcecode.swift; path = JoinFamilyView.swift; sourceTree = "<group>"; };
		4E48765280848B00D4764541 /* WebSocketService.swift */ = {isa = PBXFileReference; lastKnownFileType = sourcecode.swift; path = WebSocketService.swift; sourceTree = "<group>"; };
		5243F4CFE024BC04B61879D1 /* Enums.swift */ = {isa = PBXFileReference; lastKnownFileType = sourcecode.swift; path = Enums.swift; sourceTree = "<group>"; };
		52C07FF964E0F9AE14A6B179 /* ChildNagListView.swift */ = {isa = PBXFileReference; lastKnownFileType = sourcecode.swift; path = ChildNagListView.swift; sourceTree = "<group>"; };
		59967DFB14517E9CBB7944FC /* ConsentListView.swift */ = {isa = PBXFileReference; lastKnownFileType = sourcecode.swift; path = ConsentListView.swift; sourceTree = "<group>"; };
		5A69383318CB720FC401D0D7 /* PaginatedResponse.swift */ = {isa = PBXFileReference; lastKnownFileType = sourcecode.swift; path = PaginatedResponse.swift; sourceTree = "<group>"; };
		5C524E4F6DAAD0936C7DC24B /* NagRowView.swift */ = {isa = PBXFileReference; lastKnownFileType = sourcecode.swift; path = NagRowView.swift; sourceTree = "<group>"; };
		615BFEFFC265637815DB1707 /* ManageMembersView.swift */ = {isa = PBXFileReference; lastKnownFileType = sourcecode.swift; path = ManageMembersView.swift; sourceTree = "<group>"; };
		62B0E5FF945FF5C1DF5EA1D3 /* KeychainService.swift */ = {isa = PBXFileReference; lastKnownFileType = sourcecode.swift; path = KeychainService.swift; sourceTree = "<group>"; };
		641505646ADAEFC4E3E1EF8F /* NagEntityQuery.swift */ = {isa = PBXFileReference; lastKnownFileType = sourcecode.swift; path = NagEntityQuery.swift; sourceTree = "<group>"; };
		64A2FA953CD86193ED97EFAD /* Phase4ViewModelTests.swift */ = {isa = PBXFileReference; lastKnownFileType = sourcecode.swift; path = Phase4ViewModelTests.swift; sourceTree = "<group>"; };
		65B5A59245D815BE4F037687 /* ConnectionListViewModel.swift */ = {isa = PBXFileReference; lastKnownFileType = sourcecode.swift; path = ConnectionListViewModel.swift; sourceTree = "<group>"; };
		6919F4ECE9F941CEA3558B8C /* ReportsViewModel.swift */ = {isa = PBXFileReference; lastKnownFileType = sourcecode.swift; path = ReportsViewModel.swift; sourceTree = "<group>"; };
		6E621A4F0EDD94F399E2C9DA /* AppEnvironment.swift */ = {isa = PBXFileReference; lastKnownFileType = sourcecode.swift; path = AppEnvironment.swift; sourceTree = "<group>"; };
		6ED1D6F2ECDC7A749F865DCD /* PolicyDetailView.swift */ = {isa = PBXFileReference; lastKnownFileType = sourcecode.swift; path = PolicyDetailView.swift; sourceTree = "<group>"; };
		72F118F344FB4C3411FAAEC4 /* LoginView.swift */ = {isa = PBXFileReference; lastKnownFileType = sourcecode.swift; path = LoginView.swift; sourceTree = "<group>"; };
		7321DCBD5A00F79FB61647A6 /* SyncService.swift */ = {isa = PBXFileReference; lastKnownFileType = sourcecode.swift; path = SyncService.swift; sourceTree = "<group>"; };
		74DEF78D6D5B4D5777557403 /* NagzIntentError.swift */ = {isa = PBXFileReference; lastKnownFileType = sourcecode.swift; path = NagzIntentError.swift; sourceTree = "<group>"; };
		799222C076E18C851FFF7C9E /* AppDelegate.swift */ = {isa = PBXFileReference; lastKnownFileType = sourcecode.swift; path = AppDelegate.swift; sourceTree = "<group>"; };
		7B70AA17D1E21D3916FD048C /* EnvironmentValues+API.swift */ = {isa = PBXFileReference; lastKnownFileType = sourcecode.swift; path = "EnvironmentValues+API.swift"; sourceTree = "<group>"; };
		80CC6ECFE73948450B574D3E /* ChildLoginViewModel.swift */ = {isa = PBXFileReference; lastKnownFileType = sourcecode.swift; path = ChildLoginViewModel.swift; sourceTree = "<group>"; };
		83E67D051966AD3EDD9F8D7C /* NagDetailView.swift */ = {isa = PBXFileReference; lastKnownFileType = sourcecode.swift; path = NagDetailView.swift; sourceTree = "<group>"; };
		88AA3B64F59D3D24FA91281B /* ChildLoginView.swift */ = {isa = PBXFileReference; lastKnownFileType = sourcecode.swift; path = ChildLoginView.swift; sourceTree = "<group>"; };
		88BCE00F95D3F26F9BD4F880 /* NagzTests.xctest */ = {isa = PBXFileReference; includeInIndex = 0; lastKnownFileType = wrapper.cfbundle; path = NagzTests.xctest; sourceTree = BUILT_PRODUCTS_DIR; };
		8C70FE14961CC2F9E8593105 /* FamilyStatusIntent.swift */ = {isa = PBXFileReference; lastKnownFileType = sourcecode.swift; path = FamilyStatusIntent.swift; sourceTree = "<group>"; };
		8E1FCB46DE5A18A14B9B3D86 /* ChildSettingsView.swift */ = {isa = PBXFileReference; lastKnownFileType = sourcecode.swift; path = ChildSettingsView.swift; sourceTree = "<group>"; };
		8F8430225ED802B793D2E6C2 /* Date+Formatting.swift */ = {isa = PBXFileReference; lastKnownFileType = sourcecode.swift; path = "Date+Formatting.swift"; sourceTree = "<group>"; };
		900FB4265B1BED2475827172 /* FamilyMemberQuery.swift */ = {isa = PBXFileReference; lastKnownFileType = sourcecode.swift; path = FamilyMemberQuery.swift; sourceTree = "<group>"; };
		90C1EED5F97864A105AE2117 /* SafetyViewModel.swift */ = {isa = PBXFileReference; lastKnownFileType = sourcecode.swift; path = SafetyViewModel.swift; sourceTree = "<group>"; };
		95C278AF89622477580059EE /* ManageMembersViewModel.swift */ = {isa = PBXFileReference; lastKnownFileType = sourcecode.swift; path = ManageMembersViewModel.swift; sourceTree = "<group>"; };
		9690A2B5BD1CBA627F52AF4E /* APIClient.swift */ = {isa = PBXFileReference; lastKnownFileType = sourcecode.swift; path = APIClient.swift; sourceTree = "<group>"; };
		987A5CE42CC1B28C6E9697DA /* Assets.xcassets */ = {isa = PBXFileReference; lastKnownFileType = folder.assetcatalog; path = Assets.xcassets; sourceTree = "<group>"; };
		9A04D8ECCD329BE62D5CABEC /* SignupViewModel.swift */ = {isa = PBXFileReference; lastKnownFileType = sourcecode.swift; path = SignupViewModel.swift; sourceTree = "<group>"; };
		9AB45B90E8BEC815179C22DF /* SafetyView.swift */ = {isa = PBXFileReference; lastKnownFileType = sourcecode.swift; path = SafetyView.swift; sourceTree = "<group>"; };
		9DBB9A681F612EC3473C6868 /* GamificationViewModel.swift */ = {isa = PBXFileReference; lastKnownFileType = sourcecode.swift; path = GamificationViewModel.swift; sourceTree = "<group>"; };
		9E6DEEBE1B334FC5685FC4E5 /* EscalationBadge.swift */ = {isa = PBXFileReference; lastKnownFileType = sourcecode.swift; path = EscalationBadge.swift; sourceTree = "<group>"; };
		9E704F9C74A46E2A119130C3 /* ServiceAndViewModelTests.swift */ = {isa = PBXFileReference; lastKnownFileType = sourcecode.swift; path = ServiceAndViewModelTests.swift; sourceTree = "<group>"; };
		A03B64D4D5A805C21596C5F0 /* NagListView.swift */ = {isa = PBXFileReference; lastKnownFileType = sourcecode.swift; path = NagListView.swift; sourceTree = "<group>"; };
		A14A7ACF3D604B6E110A26B4 /* SafetyModels.swift */ = {isa = PBXFileReference; lastKnownFileType = sourcecode.swift; path = SafetyModels.swift; sourceTree = "<group>"; };
		A2167A24BA46966A1CC5F470 /* ConsentViewModel.swift */ = {isa = PBXFileReference; lastKnownFileType = sourcecode.swift; path = ConsentViewModel.swift; sourceTree = "<group>"; };
		A32FE9E4FB799832D5C3B0B5 /* PolicyViewModel.swift */ = {isa = PBXFileReference; lastKnownFileType = sourcecode.swift; path = PolicyViewModel.swift; sourceTree = "<group>"; };
		A4570F057307070C0CF2C47D /* CreateNagIntent.swift */ = {isa = PBXFileReference; lastKnownFileType = sourcecode.swift; path = CreateNagIntent.swift; sourceTree = "<group>"; };
		A88D52E67BB456B1C310B4A3 /* Nagz.app */ = {isa = PBXFileReference; includeInIndex = 0; lastKnownFileType = wrapper.application; path = Nagz.app; sourceTree = BUILT_PRODUCTS_DIR; };
		A8AEE80ECDC2335FED6F07DD /* ErrorModels.swift */ = {isa = PBXFileReference; lastKnownFileType = sourcecode.swift; path = ErrorModels.swift; sourceTree = "<group>"; };
		AA264D3B7744A48AB3904C2F /* ConsentModels.swift */ = {isa = PBXFileReference; lastKnownFileType = sourcecode.swift; path = ConsentModels.swift; sourceTree = "<group>"; };
		AAF6A3CE8CF93F2302F54967 /* NagzApp.swift */ = {isa = PBXFileReference; lastKnownFileType = sourcecode.swift; path = NagzApp.swift; sourceTree = "<group>"; };
		AD3190FAD0A5DD8A6323C69C /* GamificationView.swift */ = {isa = PBXFileReference; lastKnownFileType = sourcecode.swift; path = GamificationView.swift; sourceTree = "<group>"; };
		AE0B9F4BCBAB9DA56A1A82E9 /* SignupView.swift */ = {isa = PBXFileReference; lastKnownFileType = sourcecode.swift; path = SignupView.swift; sourceTree = "<group>"; };
		AE9F39D8D6DE81E447905298 /* PrivacyInfo.xcprivacy */ = {isa = PBXFileReference; path = PrivacyInfo.xcprivacy; sourceTree = "<group>"; };
		B16BEEBE6F3B1BEACF53FFAC /* DeliveryHistoryView.swift */ = {isa = PBXFileReference; lastKnownFileType = sourcecode.swift; path = DeliveryHistoryView.swift; sourceTree = "<group>"; };
		B1C39F97A1E2D4580F9FA2ED /* NagEntity.swift */ = {isa = PBXFileReference; lastKnownFileType = sourcecode.swift; path = NagEntity.swift; sourceTree = "<group>"; };
		B2070199AFE540C086F22328 /* AIService.swift */ = {isa = PBXFileReference; lastKnownFileType = sourcecode.swift; path = AIService.swift; sourceTree = "<group>"; };
		B38F76873061364A98CBC6F4 /* nagz-ai */ = {isa = PBXFileReference; lastKnownFileType = folder; name = "nagz-ai"; path = "../nagz-ai"; sourceTree = SOURCE_ROOT; };
		B53EA32F83C1765C5E316E83 /* IntentTests.swift */ = {isa = PBXFileReference; lastKnownFileType = sourcecode.swift; path = IntentTests.swift; sourceTree = "<group>"; };
		BAA9ECF7D3600FB6AF4C758C /* ReportModels.swift */ = {isa = PBXFileReference; lastKnownFileType = sourcecode.swift; path = ReportModels.swift; sourceTree = "<group>"; };
		BD1EC9622D9A307210DFE613 /* IntentServiceContainer.swift */ = {isa = PBXFileReference; lastKnownFileType = sourcecode.swift; path = IntentServiceContainer.swift; sourceTree = "<group>"; };
		C3304DDCA502144AB4F456FB /* DeviceModels.swift */ = {isa = PBXFileReference; lastKnownFileType = sourcecode.swift; path = DeviceModels.swift; sourceTree = "<group>"; };
		C48EF0BFA6111245B86B2971 /* FamilyViewModel.swift */ = {isa = PBXFileReference; lastKnownFileType = sourcecode.swift; path = FamilyViewModel.swift; sourceTree = "<group>"; };
		C51ABC6C49366CC13AA23E5C /* LegalDocumentView.swift */ = {isa = PBXFileReference; lastKnownFileType = sourcecode.swift; path = LegalDocumentView.swift; sourceTree = "<group>"; };
		C8D5A1D2FBCFD9344C12FD96 /* AIModels.swift */ = {isa = PBXFileReference; lastKnownFileType = sourcecode.swift; path = AIModels.swift; sourceTree = "<group>"; };
		C9555685DE01F4548E6AC6A0 /* PreferenceModels.swift */ = {isa = PBXFileReference; lastKnownFileType = sourcecode.swift; path = PreferenceModels.swift; sourceTree = "<group>"; };
		CCA86773FC15EB5B201B38D0 /* VersionModels.swift */ = {isa = PBXFileReference; lastKnownFileType = sourcecode.swift; path = VersionModels.swift; sourceTree = "<group>"; };
		D2C31A6C1CA6645B991FD667 /* AccountView.swift */ = {isa = PBXFileReference; lastKnownFileType = sourcecode.swift; path = AccountView.swift; sourceTree = "<group>"; };
		D39DE2EA259DDE6D7C4C7320 /* AIInsightsSection.swift */ = {isa = PBXFileReference; lastKnownFileType = sourcecode.swift; path = AIInsightsSection.swift; sourceTree = "<group>"; };
		D3BF64C56EBAEE04E21E7452 /* MemberRowView.swift */ = {isa = PBXFileReference; lastKnownFileType = sourcecode.swift; path = MemberRowView.swift; sourceTree = "<group>"; };
		D6518A68E624AD12C6521FA5 /* EditNagViewModel.swift */ = {isa = PBXFileReference; lastKnownFileType = sourcecode.swift; path = EditNagViewModel.swift; sourceTree = "<group>"; };
		D8046B20FB1D7A89FDFDDBD8 /* ChildTabView.swift */ = {isa = PBXFileReference; lastKnownFileType = sourcecode.swift; path = ChildTabView.swift; sourceTree = "<group>"; };
		D917295C9B5550C0BE6F63EF /* VersionChecker.swift */ = {isa = PBXFileReference; lastKnownFileType = sourcecode.swift; path = VersionChecker.swift; sourceTree = "<group>"; };
		D9F6250F88777E53820A4F59 /* CompleteNagIntent.swift */ = {isa = PBXFileReference; lastKnownFileType = sourcecode.swift; path = CompleteNagIntent.swift; sourceTree = "<group>"; };
		DAD16D6E59A98D9D44F48D03 /* MemberListViewModel.swift */ = {isa = PBXFileReference; lastKnownFileType = sourcecode.swift; path = MemberListViewModel.swift; sourceTree = "<group>"; };
		E4A715516D53FF9CD1661B2E /* ReportsView.swift */ = {isa = PBXFileReference; lastKnownFileType = sourcecode.swift; path = ReportsView.swift; sourceTree = "<group>"; };
		E5B561981AFC048F7946AFD5 /* NagzShortcutsProvider.swift */ = {isa = PBXFileReference; lastKnownFileType = sourcecode.swift; path = NagzShortcutsProvider.swift; sourceTree = "<group>"; };
		E65F8952661E5F83A2872401 /* NagCategoryAppEnum.swift */ = {isa = PBXFileReference; lastKnownFileType = sourcecode.swift; path = NagCategoryAppEnum.swift; sourceTree = "<group>"; };
		E84EB1DEEB1724609FA6FFC9 /* CreateNagView.swift */ = {isa = PBXFileReference; lastKnownFileType = sourcecode.swift; path = CreateNagView.swift; sourceTree = "<group>"; };
		EBD44C1B308F9911F7BCBC0C /* PolicyListView.swift */ = {isa = PBXFileReference; lastKnownFileType = sourcecode.swift; path = PolicyListView.swift; sourceTree = "<group>"; };
		ECE9137ED0D0FA304A0A8EAA /* Phase2CoverageTests.swift */ = {isa = PBXFileReference; lastKnownFileType = sourcecode.swift; path = Phase2CoverageTests.swift; sourceTree = "<group>"; };
		F46A3E90EEC26B840C950557 /* LegalModels.swift */ = {isa = PBXFileReference; lastKnownFileType = sourcecode.swift; path = LegalModels.swift; sourceTree = "<group>"; };
		F59395DC1BAF57200303E3F1 /* ConnectionModels.swift */ = {isa = PBXFileReference; lastKnownFileType = sourcecode.swift; path = ConnectionModels.swift; sourceTree = "<group>"; };
		F596ADE9A04C40C7E3174959 /* GamificationModels.swift */ = {isa = PBXFileReference; lastKnownFileType = sourcecode.swift; path = GamificationModels.swift; sourceTree = "<group>"; };
		F73099FD428BA8EC44A85ECB /* APIEndpoint.swift */ = {isa = PBXFileReference; lastKnownFileType = sourcecode.swift; path = APIEndpoint.swift; sourceTree = "<group>"; };
		FB2AF689B606E365EF7055E5 /* PolicyModels.swift */ = {isa = PBXFileReference; lastKnownFileType = sourcecode.swift; path = PolicyModels.swift; sourceTree = "<group>"; };
		FC1268A6068C60F603BC606E /* IncentiveRulesViewModel.swift */ = {isa = PBXFileReference; lastKnownFileType = sourcecode.swift; path = IncentiveRulesViewModel.swift; sourceTree = "<group>"; };
		FC83E054B31232050F5192EA /* ChildControlsView.swift */ = {isa = PBXFileReference; lastKnownFileType = sourcecode.swift; path = ChildControlsView.swift; sourceTree = "<group>"; };
		FF91FF14F9B6661EF3E3BBE5 /* ChildNagRowView.swift */ = {isa = PBXFileReference; lastKnownFileType = sourcecode.swift; path = ChildNagRowView.swift; sourceTree = "<group>"; };
/* End PBXFileReference section */

/* Begin PBXFrameworksBuildPhase section */
		984626961107C13FE83039FF /* Frameworks */ = {
			isa = PBXFrameworksBuildPhase;
			buildActionMask = 2147483647;
			files = (
				577DDC65B9F769BBF403122F /* KeychainAccess in Frameworks */,
				46EEE8DB4387C89E94E33E66 /* GRDB in Frameworks */,
				59BD6575E5DB1963CC5318A7 /* NagzAI in Frameworks */,
			);
			runOnlyForDeploymentPostprocessing = 0;
		};
/* End PBXFrameworksBuildPhase section */

/* Begin PBXGroup section */
		0A740E1700A8B69EB3A5DB91 /* Nags */ = {
			isa = PBXGroup;
			children = (
				52C07FF964E0F9AE14A6B179 /* ChildNagListView.swift */,
				E84EB1DEEB1724609FA6FFC9 /* CreateNagView.swift */,
				185EF763DF413C6E39A88743 /* EditNagView.swift */,
				83E67D051966AD3EDD9F8D7C /* NagDetailView.swift */,
				A03B64D4D5A805C21596C5F0 /* NagListView.swift */,
			);
			path = Nags;
			sourceTree = "<group>";
		};
		0FA30C570EC8C33D010A9F2E /* Nagz */ = {
			isa = PBXGroup;
			children = (
				799222C076E18C851FFF7C9E /* AppDelegate.swift */,
				1D21CD1CA6DC50F3409A8834 /* Info.plist */,
				17C15105D93BCA259662041F /* Nagz.entitlements */,
				AAF6A3CE8CF93F2302F54967 /* NagzApp.swift */,
				998CCC12A2469D03613D59A1 /* Config */,
				9AFDB1019CA177F867593271 /* Database */,
				7D8CF6F23E599D0784C2095F /* Extensions */,
				FE909C3299303B17568357FF /* Intents */,
				B337BE27330FC5BDD6DF7393 /* Models */,
				EBA462D4633FB7AFB7C79EED /* Navigation */,
				CFB239385BA15A1C2BBE9C22 /* Services */,
				F25C983ADF72DD78A90EB077 /* ViewModels */,
				4DB96EA334C05B7155CCE478 /* Views */,
			);
			path = Nagz;
			sourceTree = "<group>";
		};
		11328E1723658A75A55970B1 /* Packages */ = {
			isa = PBXGroup;
			children = (
				B38F76873061364A98CBC6F4 /* nagz-ai */,
			);
			name = Packages;
			sourceTree = "<group>";
		};
		1EBD9D3165D1A844B322E43D /* Gamification */ = {
			isa = PBXGroup;
			children = (
				AD3190FAD0A5DD8A6323C69C /* GamificationView.swift */,
				1618B20BD4EBDD00C94901B5 /* IncentiveRulesView.swift */,
			);
			path = Gamification;
			sourceTree = "<group>";
		};
		4D3CC44B0C07A86AD308A8BE /* Products */ = {
			isa = PBXGroup;
			children = (
				A88D52E67BB456B1C310B4A3 /* Nagz.app */,
				88BCE00F95D3F26F9BD4F880 /* NagzTests.xctest */,
			);
			name = Products;
			sourceTree = "<group>";
		};
		4DB96EA334C05B7155CCE478 /* Views */ = {
			isa = PBXGroup;
			children = (
				8F801ABBD4F37D08ED39F2A7 /* AI */,
				D59D9B456A0D9F660CDF8790 /* Auth */,
				D088B41B923A66EE9F11DF1B /* Components */,
				8CDFB22CB32E1F569D50E80B /* Connections */,
				A90A96E0F7275AB252AB99C4 /* Family */,
				1EBD9D3165D1A844B322E43D /* Gamification */,
				77D45262F1049B35555CB25A /* Guardian */,
				0A740E1700A8B69EB3A5DB91 /* Nags */,
				C07B388CE5277403F3787900 /* Onboarding */,
				FFC68F56169C9E4A2472EB43 /* Safety */,
			);
			path = Views;
			sourceTree = "<group>";
		};
		709F1D592B96CDD8AB13BE93 = {
			isa = PBXGroup;
			children = (
				987A5CE42CC1B28C6E9697DA /* Assets.xcassets */,
				AE9F39D8D6DE81E447905298 /* PrivacyInfo.xcprivacy */,
				0FA30C570EC8C33D010A9F2E /* Nagz */,
				EFC42ED55F75194D27D42A94 /* NagzTests */,
				11328E1723658A75A55970B1 /* Packages */,
				4D3CC44B0C07A86AD308A8BE /* Products */,
			);
			sourceTree = "<group>";
		};
		77D45262F1049B35555CB25A /* Guardian */ = {
			isa = PBXGroup;
			children = (
				FC83E054B31232050F5192EA /* ChildControlsView.swift */,
				B16BEEBE6F3B1BEACF53FFAC /* DeliveryHistoryView.swift */,
				6ED1D6F2ECDC7A749F865DCD /* PolicyDetailView.swift */,
				EBD44C1B308F9911F7BCBC0C /* PolicyListView.swift */,
				E4A715516D53FF9CD1661B2E /* ReportsView.swift */,
			);
			path = Guardian;
			sourceTree = "<group>";
		};
		7D140DA06F2EC27CB2B4533E /* Entities */ = {
			isa = PBXGroup;
			children = (
				380014CE84898708152E95D9 /* FamilyMemberEntity.swift */,
				E65F8952661E5F83A2872401 /* NagCategoryAppEnum.swift */,
				B1C39F97A1E2D4580F9FA2ED /* NagEntity.swift */,
			);
			path = Entities;
			sourceTree = "<group>";
		};
		7D8CF6F23E599D0784C2095F /* Extensions */ = {
			isa = PBXGroup;
			children = (
				8F8430225ED802B793D2E6C2 /* Date+Formatting.swift */,
				32E79F766FA3ADAA76B955F3 /* EnvironmentValues+AI.swift */,
				7B70AA17D1E21D3916FD048C /* EnvironmentValues+API.swift */,
			);
			path = Extensions;
			sourceTree = "<group>";
		};
		8CDFB22CB32E1F569D50E80B /* Connections */ = {
			isa = PBXGroup;
			children = (
				467128F4726233C3AAE17CB0 /* ConnectionListView.swift */,
				0BB814065DDF1AE7736CE000 /* InviteConnectionView.swift */,
			);
			path = Connections;
			sourceTree = "<group>";
		};
		8F801ABBD4F37D08ED39F2A7 /* AI */ = {
			isa = PBXGroup;
			children = (
				D39DE2EA259DDE6D7C4C7320 /* AIInsightsSection.swift */,
				0BBA3F84C3E6EA2398CA6CCD /* FamilyInsightsView.swift */,
			);
			path = AI;
			sourceTree = "<group>";
		};
		998CCC12A2469D03613D59A1 /* Config */ = {
			isa = PBXGroup;
			children = (
				6E621A4F0EDD94F399E2C9DA /* AppEnvironment.swift */,
				2524FDBBE8F215CAB498AD90 /* Constants.swift */,
			);
			path = Config;
			sourceTree = "<group>";
		};
		9AFDB1019CA177F867593271 /* Database */ = {
			isa = PBXGroup;
			children = (
				09228CDDB89EBA4479C10F8B /* CachedRecords.swift */,
				0859112BEE5F101B319AFE76 /* DatabaseManager.swift */,
			);
			path = Database;
			sourceTree = "<group>";
		};
		9B74BF2EFAB43A9EAAC79F75 /* Queries */ = {
			isa = PBXGroup;
			children = (
				900FB4265B1BED2475827172 /* FamilyMemberQuery.swift */,
				641505646ADAEFC4E3E1EF8F /* NagEntityQuery.swift */,
			);
			path = Queries;
			sourceTree = "<group>";
		};
		A90A96E0F7275AB252AB99C4 /* Family */ = {
			isa = PBXGroup;
			children = (
				59967DFB14517E9CBB7944FC /* ConsentListView.swift */,
				478FD6A5253FF850A9EC7832 /* CreateFamilyView.swift */,
				4CCC28A3FD2C73A684280A8B /* JoinFamilyView.swift */,
				615BFEFFC265637815DB1707 /* ManageMembersView.swift */,
				07D0EAC9F8FFBA5872FD80CF /* MemberListView.swift */,
				117B176A8976E69A3F640E02 /* PreferencesView.swift */,
			);
			path = Family;
			sourceTree = "<group>";
		};
		B337BE27330FC5BDD6DF7393 /* Models */ = {
			isa = PBXGroup;
			children = (
				C8D5A1D2FBCFD9344C12FD96 /* AIModels.swift */,
				0C807C8B04BC360E1936FACD /* AuthModels.swift */,
				F59395DC1BAF57200303E3F1 /* ConnectionModels.swift */,
				AA264D3B7744A48AB3904C2F /* ConsentModels.swift */,
				3C2745952F84266C12B43D6F /* DeliveryModels.swift */,
				C3304DDCA502144AB4F456FB /* DeviceModels.swift */,
				5243F4CFE024BC04B61879D1 /* Enums.swift */,
				A8AEE80ECDC2335FED6F07DD /* ErrorModels.swift */,
				04D5AC512A990EFC2E729F29 /* EscalationModels.swift */,
				159D7C43D155D86EE40E00A7 /* ExcuseModels.swift */,
				3103D76E83889066B4CDC006 /* FamilyModels.swift */,
				F596ADE9A04C40C7E3174959 /* GamificationModels.swift */,
				49E63852FE42057F07D13A9E /* IncentiveModels.swift */,
				F46A3E90EEC26B840C950557 /* LegalModels.swift */,
				3B64AA3271570CA97B005E91 /* NagModels.swift */,
				5A69383318CB720FC401D0D7 /* PaginatedResponse.swift */,
				FB2AF689B606E365EF7055E5 /* PolicyModels.swift */,
				C9555685DE01F4548E6AC6A0 /* PreferenceModels.swift */,
				BAA9ECF7D3600FB6AF4C758C /* ReportModels.swift */,
				A14A7ACF3D604B6E110A26B4 /* SafetyModels.swift */,
				CCA86773FC15EB5B201B38D0 /* VersionModels.swift */,
			);
			path = Models;
			sourceTree = "<group>";
		};
		C07B388CE5277403F3787900 /* Onboarding */ = {
			isa = PBXGroup;
			children = (
				32BC41F85C6F59CACA8DF25B /* OnboardingView.swift */,
			);
			path = Onboarding;
			sourceTree = "<group>";
		};
		CFB239385BA15A1C2BBE9C22 /* Services */ = {
			isa = PBXGroup;
			children = (
				B2070199AFE540C086F22328 /* AIService.swift */,
				9690A2B5BD1CBA627F52AF4E /* APIClient.swift */,
				F73099FD428BA8EC44A85ECB /* APIEndpoint.swift */,
				1AC6950A07FD4A8909F73946 /* AuthManager.swift */,
				3FDB7AE9D441B80CBA3645F1 /* DebugLogger.swift */,
				62B0E5FF945FF5C1DF5EA1D3 /* KeychainService.swift */,
				44DB9A94BE69B3EBE0B81F17 /* NagzAIAdapter.swift */,
				17D33EACD9E91105C8BA2127 /* PushNotificationService.swift */,
				7321DCBD5A00F79FB61647A6 /* SyncService.swift */,
				D917295C9B5550C0BE6F63EF /* VersionChecker.swift */,
				4E48765280848B00D4764541 /* WebSocketService.swift */,
			);
			path = Services;
			sourceTree = "<group>";
		};
		D088B41B923A66EE9F11DF1B /* Components */ = {
			isa = PBXGroup;
			children = (
				FF91FF14F9B6661EF3E3BBE5 /* ChildNagRowView.swift */,
				4390EE8B448189A83504758C /* ErrorBanner.swift */,
				9E6DEEBE1B334FC5685FC4E5 /* EscalationBadge.swift */,
				D3BF64C56EBAEE04E21E7452 /* MemberRowView.swift */,
				5C524E4F6DAAD0936C7DC24B /* NagRowView.swift */,
			);
			path = Components;
			sourceTree = "<group>";
		};
		D59D9B456A0D9F660CDF8790 /* Auth */ = {
			isa = PBXGroup;
			children = (
				88AA3B64F59D3D24FA91281B /* ChildLoginView.swift */,
				8E1FCB46DE5A18A14B9B3D86 /* ChildSettingsView.swift */,
				72F118F344FB4C3411FAAEC4 /* LoginView.swift */,
				AE0B9F4BCBAB9DA56A1A82E9 /* SignupView.swift */,
			);
			path = Auth;
			sourceTree = "<group>";
		};
		D80B0D76E60DA564256407A5 /* Actions */ = {
			isa = PBXGroup;
			children = (
				2C57745D002D5B132D09F966 /* CheckOverdueIntent.swift */,
				D9F6250F88777E53820A4F59 /* CompleteNagIntent.swift */,
				A4570F057307070C0CF2C47D /* CreateNagIntent.swift */,
				8C70FE14961CC2F9E8593105 /* FamilyStatusIntent.swift */,
				159F6509A2190F49906305DE /* ListNagsIntent.swift */,
				1A5F3F576C762EADB7633DEF /* SnoozeNagIntent.swift */,
			);
			path = Actions;
			sourceTree = "<group>";
		};
		EBA462D4633FB7AFB7C79EED /* Navigation */ = {
			isa = PBXGroup;
			children = (
				1E89A05814372C9BCE15E6EC /* AuthenticatedTabView.swift */,
				D8046B20FB1D7A89FDFDDBD8 /* ChildTabView.swift */,
				3EDC2854A3127F68733D4958 /* ContentView.swift */,
			);
			path = Navigation;
			sourceTree = "<group>";
		};
		EFC42ED55F75194D27D42A94 /* NagzTests */ = {
			isa = PBXGroup;
			children = (
				B53EA32F83C1765C5E316E83 /* IntentTests.swift */,
				1FBFCDE4C04F3EC809309128 /* ModelDecodingTests.swift */,
				ECE9137ED0D0FA304A0A8EAA /* Phase2CoverageTests.swift */,
				64A2FA953CD86193ED97EFAD /* Phase4ViewModelTests.swift */,
				9E704F9C74A46E2A119130C3 /* ServiceAndViewModelTests.swift */,
			);
			path = NagzTests;
			sourceTree = "<group>";
		};
		F25C983ADF72DD78A90EB077 /* ViewModels */ = {
			isa = PBXGroup;
			children = (
				80CC6ECFE73948450B574D3E /* ChildLoginViewModel.swift */,
				65B5A59245D815BE4F037687 /* ConnectionListViewModel.swift */,
				A2167A24BA46966A1CC5F470 /* ConsentViewModel.swift */,
				2D5DE9C0FB044817490BD132 /* CreateNagViewModel.swift */,
				10DD058430F66D0C0640ABB8 /* DeliveryHistoryViewModel.swift */,
				D6518A68E624AD12C6521FA5 /* EditNagViewModel.swift */,
				C48EF0BFA6111245B86B2971 /* FamilyViewModel.swift */,
				9DBB9A681F612EC3473C6868 /* GamificationViewModel.swift */,
				FC1268A6068C60F603BC606E /* IncentiveRulesViewModel.swift */,
				0AA44AE0BEBA58C043C996A1 /* LoginViewModel.swift */,
				95C278AF89622477580059EE /* ManageMembersViewModel.swift */,
				DAD16D6E59A98D9D44F48D03 /* MemberListViewModel.swift */,
				0D8B860496CD6D4BE858F1F2 /* NagDetailViewModel.swift */,
				3EC5EC449162BDDDA1AEA55E /* NagListViewModel.swift */,
				A32FE9E4FB799832D5C3B0B5 /* PolicyViewModel.swift */,
				3C4FEFE928E873F8975C711D /* PreferencesViewModel.swift */,
				6919F4ECE9F941CEA3558B8C /* ReportsViewModel.swift */,
				90C1EED5F97864A105AE2117 /* SafetyViewModel.swift */,
				9A04D8ECCD329BE62D5CABEC /* SignupViewModel.swift */,
			);
			path = ViewModels;
			sourceTree = "<group>";
		};
		FE909C3299303B17568357FF /* Intents */ = {
			isa = PBXGroup;
			children = (
				BD1EC9622D9A307210DFE613 /* IntentServiceContainer.swift */,
				74DEF78D6D5B4D5777557403 /* NagzIntentError.swift */,
				E5B561981AFC048F7946AFD5 /* NagzShortcutsProvider.swift */,
				D80B0D76E60DA564256407A5 /* Actions */,
				7D140DA06F2EC27CB2B4533E /* Entities */,
				9B74BF2EFAB43A9EAAC79F75 /* Queries */,
			);
			path = Intents;
			sourceTree = "<group>";
		};
		FFC68F56169C9E4A2472EB43 /* Safety */ = {
			isa = PBXGroup;
			children = (
				D2C31A6C1CA6645B991FD667 /* AccountView.swift */,
				31B4B0F6151CF0A237EA9D54 /* FeedbackMailView.swift */,
				C51ABC6C49366CC13AA23E5C /* LegalDocumentView.swift */,
				9AB45B90E8BEC815179C22DF /* SafetyView.swift */,
			);
			path = Safety;
			sourceTree = "<group>";
		};
/* End PBXGroup section */

/* Begin PBXNativeTarget section */
		AF7ECADC057C5EAFED94AF8E /* NagzTests */ = {
			isa = PBXNativeTarget;
			buildConfigurationList = 9371CC9D6834A3D3B0D5820E /* Build configuration list for PBXNativeTarget "NagzTests" */;
			buildPhases = (
				903BF3A2CB019D47DDA4638F /* Sources */,
			);
			buildRules = (
			);
			dependencies = (
				EB66E4305D2F86796461BCE9 /* PBXTargetDependency */,
			);
			name = NagzTests;
			packageProductDependencies = (
			);
			productName = NagzTests;
			productReference = 88BCE00F95D3F26F9BD4F880 /* NagzTests.xctest */;
			productType = "com.apple.product-type.bundle.unit-test";
		};
		E2CABC3A37EAE0C3A3E1F72D /* Nagz */ = {
			isa = PBXNativeTarget;
			buildConfigurationList = 4A4F2BA48023B0A68B707FEA /* Build configuration list for PBXNativeTarget "Nagz" */;
			buildPhases = (
				43B3521E741ABE83F8C31AD0 /* Sources */,
				BE6F581BCFB0964801C09B45 /* Resources */,
				984626961107C13FE83039FF /* Frameworks */,
			);
			buildRules = (
			);
			dependencies = (
			);
			name = Nagz;
			packageProductDependencies = (
				545A46357975BAA1644730CE /* KeychainAccess */,
				6AA6D2A0605204CDBCCED3B3 /* GRDB */,
				AA0470813CE5E9E39FC7A9BA /* NagzAI */,
			);
			productName = Nagz;
			productReference = A88D52E67BB456B1C310B4A3 /* Nagz.app */;
			productType = "com.apple.product-type.application";
		};
/* End PBXNativeTarget section */

/* Begin PBXProject section */
		07D2A0280A1C8F115CEAD3AB /* Project object */ = {
			isa = PBXProject;
			attributes = {
				BuildIndependentTargetsInParallel = YES;
				LastUpgradeCheck = 1600;
				TargetAttributes = {
					E2CABC3A37EAE0C3A3E1F72D = {
						DevelopmentTeam = NEAY582ME4;
						ProvisioningStyle = Automatic;
					};
				};
			};
			buildConfigurationList = 45F141232C0CBBB4CF2B45DE /* Build configuration list for PBXProject "Nagz" */;
			compatibilityVersion = "Xcode 14.0";
			developmentRegion = en;
			hasScannedForEncodings = 0;
			knownRegions = (
				Base,
				en,
			);
			mainGroup = 709F1D592B96CDD8AB13BE93;
			minimizedProjectReferenceProxies = 1;
			packageReferences = (
				B3EE353BC8F5F0D49247FA9E /* XCRemoteSwiftPackageReference "GRDB.swift" */,
				DB471355E3D294EFBC7ABD99 /* XCRemoteSwiftPackageReference "KeychainAccess" */,
				E461B9DC78FA21FD330B2A4D /* XCLocalSwiftPackageReference "../nagz-ai" */,
			);
			preferredProjectObjectVersion = 77;
			projectDirPath = "";
			projectRoot = "";
			targets = (
				E2CABC3A37EAE0C3A3E1F72D /* Nagz */,
				AF7ECADC057C5EAFED94AF8E /* NagzTests */,
			);
		};
/* End PBXProject section */

/* Begin PBXResourcesBuildPhase section */
		BE6F581BCFB0964801C09B45 /* Resources */ = {
			isa = PBXResourcesBuildPhase;
			buildActionMask = 2147483647;
			files = (
				B5C3E058B2FF4E6F43F5AD53 /* Assets.xcassets in Resources */,
				DC627120DB1236F87092E238 /* PrivacyInfo.xcprivacy in Resources */,
			);
			runOnlyForDeploymentPostprocessing = 0;
		};
/* End PBXResourcesBuildPhase section */

/* Begin PBXSourcesBuildPhase section */
		43B3521E741ABE83F8C31AD0 /* Sources */ = {
			isa = PBXSourcesBuildPhase;
			buildActionMask = 2147483647;
			files = (
				A5FD1E615937A6EAB31D655C /* AIInsightsSection.swift in Sources */,
				FDA477888348BFF5346924C4 /* AIModels.swift in Sources */,
				C072BCF52EA70376D2D99D72 /* AIService.swift in Sources */,
				A922A5B3B8F9CDCF4BD36533 /* APIClient.swift in Sources */,
				6A9785BA9A4D40BF26A27C1A /* APIEndpoint.swift in Sources */,
				69072BBDECA8680C5104363E /* AccountView.swift in Sources */,
				C4511CD48BEEB9803576A532 /* AppDelegate.swift in Sources */,
				A99865BA24EB19746267C03B /* AppEnvironment.swift in Sources */,
				8D8F30C0E7EAE400C16C0C77 /* AuthManager.swift in Sources */,
				19D475F6D49A24E958EB4E00 /* AuthModels.swift in Sources */,
				505CA8990F29CD58610ABF47 /* AuthenticatedTabView.swift in Sources */,
				3442D55AEDBE7F239642D7FF /* CachedRecords.swift in Sources */,
				9A67032E0886B847102D1DA1 /* CheckOverdueIntent.swift in Sources */,
				5C6D1B7A29FCDA749A160A9C /* ChildControlsView.swift in Sources */,
				0351ECFBABBD6006E425B4BA /* ChildLoginView.swift in Sources */,
				30FA929AFB9BFB4C088C904F /* ChildLoginViewModel.swift in Sources */,
				553C3C39F4C65BA967C818EA /* ChildNagListView.swift in Sources */,
				4EB168C1EC00F8360532A492 /* ChildNagRowView.swift in Sources */,
				30EACC0DF07C98604911212D /* ChildSettingsView.swift in Sources */,
				F0AB75924FFE303B835955DC /* ChildTabView.swift in Sources */,
				0B0A4DA780062CDF107BB721 /* CompleteNagIntent.swift in Sources */,
				60753DD6A5B3A56B59878C5F /* ConnectionListView.swift in Sources */,
				A02F31959B76DCC68EDD01EA /* ConnectionListViewModel.swift in Sources */,
				8579B29A3F43AEF61D5C8E26 /* ConnectionModels.swift in Sources */,
				791570AA436243B5E505AD63 /* ConsentListView.swift in Sources */,
				AB9FA232D246AB19B4EA262F /* ConsentModels.swift in Sources */,
				20AE20BCBFB7382743294AC6 /* ConsentViewModel.swift in Sources */,
				AEFCF8156E0CF766CC91D2B2 /* Constants.swift in Sources */,
				81C74DBDC5B5C4147B3B99D7 /* ContentView.swift in Sources */,
				B45D7C13CBAF43DDD2DC7EF7 /* CreateFamilyView.swift in Sources */,
				ACBE1FC8906E623F15349BAA /* CreateNagIntent.swift in Sources */,
				8C6174B2DB97D37F62276D73 /* CreateNagView.swift in Sources */,
				350FB4B166D078DD5BC0EEC9 /* CreateNagViewModel.swift in Sources */,
				33ECF4A54330D14672B855EB /* DatabaseManager.swift in Sources */,
				AAAD4B3DA334581D8040E835 /* Date+Formatting.swift in Sources */,
				876657DDB7F29994F1F552D9 /* DebugLogger.swift in Sources */,
				C8FE07CDAE40C2B50B1E6B9C /* DeliveryHistoryView.swift in Sources */,
				B6611247C648154741F70815 /* DeliveryHistoryViewModel.swift in Sources */,
				B4181171676EAD0BACA7E4AA /* DeliveryModels.swift in Sources */,
				E1500DDC1F96E93ED0A0D906 /* DeviceModels.swift in Sources */,
				286523391EC02803D1DD724E /* EditNagView.swift in Sources */,
				987CCC9B527CF1206510F370 /* EditNagViewModel.swift in Sources */,
				B8924A914C8E48A117B9E506 /* Enums.swift in Sources */,
				819FCF0B39F62DA3FFDEAD64 /* EnvironmentValues+AI.swift in Sources */,
				2622990D0DCE09B21DB99D10 /* EnvironmentValues+API.swift in Sources */,
				8FDC13F68CD74018BD19792D /* ErrorBanner.swift in Sources */,
				C6AD093090BB94EE3660E7B1 /* ErrorModels.swift in Sources */,
				022785549CA30F29EE5D1189 /* EscalationBadge.swift in Sources */,
				41624A0FA5DBA542A0351B6C /* EscalationModels.swift in Sources */,
				30FE0CA1C7AE1A7C39EBC6A1 /* ExcuseModels.swift in Sources */,
				E432F56856E032272D70C75E /* FamilyInsightsView.swift in Sources */,
				4B90156F8357D1396A095922 /* FamilyMemberEntity.swift in Sources */,
				F754AE5579AB840BF5144223 /* FamilyMemberQuery.swift in Sources */,
				09F05C30C15A7DD1691B8E69 /* FamilyModels.swift in Sources */,
				0C974A5579777FF4D5E242D6 /* FamilyStatusIntent.swift in Sources */,
				CCFE2834956D7B50CA7BBFD6 /* FamilyViewModel.swift in Sources */,
				D29AAACAA7F5979ABE80872C /* FeedbackMailView.swift in Sources */,
				1658C0AC112FE37CF766DA78 /* GamificationModels.swift in Sources */,
				9B56D91A72953824D2A02C83 /* GamificationView.swift in Sources */,
				58997B57F6EEF60B40681A54 /* GamificationViewModel.swift in Sources */,
				E14CC869FBBD0CCCF71E2B65 /* IncentiveModels.swift in Sources */,
				E6C2D67EBC5D812CF590C0AD /* IncentiveRulesView.swift in Sources */,
				9DA8639D59F1348334A51445 /* IncentiveRulesViewModel.swift in Sources */,
				48E1985830A142888450B547 /* IntentServiceContainer.swift in Sources */,
				E5FBFF061C137C8F92E30030 /* InviteConnectionView.swift in Sources */,
				09ABEFE60F83398710D571FB /* JoinFamilyView.swift in Sources */,
				C8ED407409D4BBED50982A85 /* KeychainService.swift in Sources */,
				FA33F894752016C4B3020AB3 /* LegalDocumentView.swift in Sources */,
				3D690C5895332B064AB5750A /* LegalModels.swift in Sources */,
				DC17FA6987A2F88885F7B15F /* ListNagsIntent.swift in Sources */,
				2A63ED0A586E3570ED2CDA8D /* LoginView.swift in Sources */,
				A162D3663B6E637EFC3AC318 /* LoginViewModel.swift in Sources */,
				ABE7491D55FBA095F89BFD3A /* ManageMembersView.swift in Sources */,
				71BEF3575BABE9D8B29022D3 /* ManageMembersViewModel.swift in Sources */,
				69B2329CBD7DCE0EF5D4EF2E /* MemberListView.swift in Sources */,
				2C5C0179A7849D66DDBE2A57 /* MemberListViewModel.swift in Sources */,
				7647521DEFBD599A206F7591 /* MemberRowView.swift in Sources */,
				CE5DC0B940DB0ECF0C011EE0 /* NagCategoryAppEnum.swift in Sources */,
				48F29924A9EAEE816CE948E5 /* NagDetailView.swift in Sources */,
				F527047B44CB0A89B8A82E21 /* NagDetailViewModel.swift in Sources */,
				CB7B9097C3114AF997C50D34 /* NagEntity.swift in Sources */,
				7D61B95C5D243F455A2867D9 /* NagEntityQuery.swift in Sources */,
				BED7041B5A270167EA6FD99B /* NagListView.swift in Sources */,
				396E4226730469AEA60B71D9 /* NagListViewModel.swift in Sources */,
				9E3B5FA1D29A914B45079842 /* NagModels.swift in Sources */,
				A9C26BD7772B632CECDF917E /* NagRowView.swift in Sources */,
				3F839196F729C55C3BA08E8D /* NagzAIAdapter.swift in Sources */,
				DA6060AE8EAE463303B6F915 /* NagzApp.swift in Sources */,
				49E8DCA9F8BEADFF7072B9E0 /* NagzIntentError.swift in Sources */,
				6B2B1510A1A976D4A10E0ECC /* NagzShortcutsProvider.swift in Sources */,
				71FAD77F4EB7237EBA677EBB /* OnboardingView.swift in Sources */,
				7A6DD790F8FADCFDDB11E379 /* PaginatedResponse.swift in Sources */,
				5623F365A067F7E33C395F7D /* PolicyDetailView.swift in Sources */,
				92B2DE215E9885838392AED3 /* PolicyListView.swift in Sources */,
				DD88847671E998BB509F2919 /* PolicyModels.swift in Sources */,
				D64A4632685509BEB0018D5E /* PolicyViewModel.swift in Sources */,
				8465FF82F8BB7D1B40E1D8DC /* PreferenceModels.swift in Sources */,
				7D06F9B2EB4D57AB93B9628F /* PreferencesView.swift in Sources */,
				96E14843B3D9DAFC0F5F5012 /* PreferencesViewModel.swift in Sources */,
				4440085F3A155A314DC293BE /* PushNotificationService.swift in Sources */,
				886438D017AF431894B099E7 /* ReportModels.swift in Sources */,
				EBFA84D9138F0B611957E4B0 /* ReportsView.swift in Sources */,
				E55E674847582815348C56A8 /* ReportsViewModel.swift in Sources */,
				31786F9BFF5056BF5DD0FB91 /* SafetyModels.swift in Sources */,
				8776E95DB82675F3688BEB91 /* SafetyView.swift in Sources */,
				B9EC5FC025893AEFB863FA97 /* SafetyViewModel.swift in Sources */,
				BC3F961DC9D45F8A5813CA82 /* SignupView.swift in Sources */,
				10648AB653519F63339D0BA7 /* SignupViewModel.swift in Sources */,
				98CF40F3E91F9C6EE85093D9 /* SnoozeNagIntent.swift in Sources */,
				CC898491EAE1236F629698BA /* SyncService.swift in Sources */,
				8FE044ED4C9F9F4B97EBED73 /* VersionChecker.swift in Sources */,
				648A714E50978D32602CF46C /* VersionModels.swift in Sources */,
				A5B6D3FBA1FCB465BC5164EC /* WebSocketService.swift in Sources */,
			);
			runOnlyForDeploymentPostprocessing = 0;
		};
		903BF3A2CB019D47DDA4638F /* Sources */ = {
			isa = PBXSourcesBuildPhase;
			buildActionMask = 2147483647;
			files = (
				D6359AE98AC40702D93A1C6F /* IntentTests.swift in Sources */,
				424953649E34B0D46C75BD5F /* ModelDecodingTests.swift in Sources */,
				9E9777788381B3FE5299DEF1 /* Phase2CoverageTests.swift in Sources */,
				A1D1DFE47E74F80A86E4EDF0 /* Phase4ViewModelTests.swift in Sources */,
				453A01D996643520BF1F5867 /* ServiceAndViewModelTests.swift in Sources */,
			);
			runOnlyForDeploymentPostprocessing = 0;
		};
/* End PBXSourcesBuildPhase section */

/* Begin PBXTargetDependency section */
		EB66E4305D2F86796461BCE9 /* PBXTargetDependency */ = {
			isa = PBXTargetDependency;
			target = E2CABC3A37EAE0C3A3E1F72D /* Nagz */;
			targetProxy = EBA8838393C257AA0A8F2391 /* PBXContainerItemProxy */;
		};
/* End PBXTargetDependency section */

/* Begin XCBuildConfiguration section */
		0642D9163230E15B17C28837 /* Release */ = {
			isa = XCBuildConfiguration;
			buildSettings = {
				ALWAYS_SEARCH_USER_PATHS = NO;
				CLANG_ANALYZER_NONNULL = YES;
				CLANG_ANALYZER_NUMBER_OBJECT_CONVERSION = YES_AGGRESSIVE;
				CLANG_CXX_LANGUAGE_STANDARD = "gnu++14";
				CLANG_CXX_LIBRARY = "libc++";
				CLANG_ENABLE_MODULES = YES;
				CLANG_ENABLE_OBJC_ARC = YES;
				CLANG_ENABLE_OBJC_WEAK = YES;
				CLANG_WARN_BLOCK_CAPTURE_AUTORELEASING = YES;
				CLANG_WARN_BOOL_CONVERSION = YES;
				CLANG_WARN_COMMA = YES;
				CLANG_WARN_CONSTANT_CONVERSION = YES;
				CLANG_WARN_DEPRECATED_OBJC_IMPLEMENTATIONS = YES;
				CLANG_WARN_DIRECT_OBJC_ISA_USAGE = YES_ERROR;
				CLANG_WARN_DOCUMENTATION_COMMENTS = YES;
				CLANG_WARN_EMPTY_BODY = YES;
				CLANG_WARN_ENUM_CONVERSION = YES;
				CLANG_WARN_INFINITE_RECURSION = YES;
				CLANG_WARN_INT_CONVERSION = YES;
				CLANG_WARN_NON_LITERAL_NULL_CONVERSION = YES;
				CLANG_WARN_OBJC_IMPLICIT_RETAIN_SELF = YES;
				CLANG_WARN_OBJC_LITERAL_CONVERSION = YES;
				CLANG_WARN_OBJC_ROOT_CLASS = YES_ERROR;
				CLANG_WARN_QUOTED_INCLUDE_IN_FRAMEWORK_HEADER = YES;
				CLANG_WARN_RANGE_LOOP_ANALYSIS = YES;
				CLANG_WARN_STRICT_PROTOTYPES = YES;
				CLANG_WARN_SUSPICIOUS_MOVE = YES;
				CLANG_WARN_UNGUARDED_AVAILABILITY = YES_AGGRESSIVE;
				CLANG_WARN_UNREACHABLE_CODE = YES;
				CLANG_WARN__DUPLICATE_METHOD_MATCH = YES;
				COPY_PHASE_STRIP = NO;
				DEBUG_INFORMATION_FORMAT = "dwarf-with-dsym";
				ENABLE_NS_ASSERTIONS = NO;
				ENABLE_STRICT_OBJC_MSGSEND = YES;
				GCC_C_LANGUAGE_STANDARD = gnu11;
				GCC_NO_COMMON_BLOCKS = YES;
				GCC_WARN_64_TO_32_BIT_CONVERSION = YES;
				GCC_WARN_ABOUT_RETURN_TYPE = YES_ERROR;
				GCC_WARN_UNDECLARED_SELECTOR = YES;
				GCC_WARN_UNINITIALIZED_AUTOS = YES_AGGRESSIVE;
				GCC_WARN_UNUSED_FUNCTION = YES;
				GCC_WARN_UNUSED_VARIABLE = YES;
				IPHONEOS_DEPLOYMENT_TARGET = 26.0;
				MTL_ENABLE_DEBUG_INFO = NO;
				MTL_FAST_MATH = YES;
				PRODUCT_NAME = "$(TARGET_NAME)";
				SDKROOT = iphoneos;
				SWIFT_COMPILATION_MODE = wholemodule;
				SWIFT_OPTIMIZATION_LEVEL = "-O";
				SWIFT_VERSION = 5.0;
			};
			name = Release;
		};
		17C79A9694C16D355F7AF52A /* Release */ = {
			isa = XCBuildConfiguration;
			buildSettings = {
				BUNDLE_LOADER = "$(TEST_HOST)";
				GENERATE_INFOPLIST_FILE = YES;
				LD_RUNPATH_SEARCH_PATHS = (
					"$(inherited)",
					"@executable_path/Frameworks",
					"@loader_path/Frameworks",
				);
				PRODUCT_BUNDLE_IDENTIFIER = com.nagz.NagzTests;
				SDKROOT = iphoneos;
				SWIFT_VERSION = 6.0;
				TARGETED_DEVICE_FAMILY = "1,2";
				TEST_HOST = "$(BUILT_PRODUCTS_DIR)/Nagz.app/Nagz";
			};
			name = Release;
		};
		61A6F13180B57F234A89B279 /* Debug */ = {
			isa = XCBuildConfiguration;
			buildSettings = {
				ASSETCATALOG_COMPILER_APPICON_NAME = AppIcon;
				ASSETCATALOG_COMPILER_GLOBAL_ACCENT_COLOR_NAME = AccentColor;
				ASSETCATALOG_COMPILER_INCLUDE_ALL_APPICON_ASSETS = YES;
				CODE_SIGN_ENTITLEMENTS = Nagz/Nagz.entitlements;
				CODE_SIGN_IDENTITY = "iPhone Developer";
				CODE_SIGN_STYLE = Automatic;
				CURRENT_PROJECT_VERSION = 14;
				DEVELOPMENT_TEAM = NEAY582ME4;
				ENABLE_USER_SCRIPT_SANDBOXING = NO;
				INFOPLIST_FILE = Nagz/Info.plist;
				LD_RUNPATH_SEARCH_PATHS = (
					"$(inherited)",
					"@executable_path/Frameworks",
				);
				MARKETING_VERSION = 1.3.0;
				PRODUCT_BUNDLE_IDENTIFIER = com.nagz.app;
				SDKROOT = iphoneos;
				SWIFT_VERSION = 6.0;
				TARGETED_DEVICE_FAMILY = "1,2";
			};
			name = Debug;
		};
		67EA40E3CD0E561CB68DCBC0 /* Debug */ = {
			isa = XCBuildConfiguration;
			buildSettings = {
				ALWAYS_SEARCH_USER_PATHS = NO;
				CLANG_ANALYZER_NONNULL = YES;
				CLANG_ANALYZER_NUMBER_OBJECT_CONVERSION = YES_AGGRESSIVE;
				CLANG_CXX_LANGUAGE_STANDARD = "gnu++14";
				CLANG_CXX_LIBRARY = "libc++";
				CLANG_ENABLE_MODULES = YES;
				CLANG_ENABLE_OBJC_ARC = YES;
				CLANG_ENABLE_OBJC_WEAK = YES;
				CLANG_WARN_BLOCK_CAPTURE_AUTORELEASING = YES;
				CLANG_WARN_BOOL_CONVERSION = YES;
				CLANG_WARN_COMMA = YES;
				CLANG_WARN_CONSTANT_CONVERSION = YES;
				CLANG_WARN_DEPRECATED_OBJC_IMPLEMENTATIONS = YES;
				CLANG_WARN_DIRECT_OBJC_ISA_USAGE = YES_ERROR;
				CLANG_WARN_DOCUMENTATION_COMMENTS = YES;
				CLANG_WARN_EMPTY_BODY = YES;
				CLANG_WARN_ENUM_CONVERSION = YES;
				CLANG_WARN_INFINITE_RECURSION = YES;
				CLANG_WARN_INT_CONVERSION = YES;
				CLANG_WARN_NON_LITERAL_NULL_CONVERSION = YES;
				CLANG_WARN_OBJC_IMPLICIT_RETAIN_SELF = YES;
				CLANG_WARN_OBJC_LITERAL_CONVERSION = YES;
				CLANG_WARN_OBJC_ROOT_CLASS = YES_ERROR;
				CLANG_WARN_QUOTED_INCLUDE_IN_FRAMEWORK_HEADER = YES;
				CLANG_WARN_RANGE_LOOP_ANALYSIS = YES;
				CLANG_WARN_STRICT_PROTOTYPES = YES;
				CLANG_WARN_SUSPICIOUS_MOVE = YES;
				CLANG_WARN_UNGUARDED_AVAILABILITY = YES_AGGRESSIVE;
				CLANG_WARN_UNREACHABLE_CODE = YES;
				CLANG_WARN__DUPLICATE_METHOD_MATCH = YES;
				COPY_PHASE_STRIP = NO;
				DEBUG_INFORMATION_FORMAT = dwarf;
				ENABLE_STRICT_OBJC_MSGSEND = YES;
				ENABLE_TESTABILITY = YES;
				GCC_C_LANGUAGE_STANDARD = gnu11;
				GCC_DYNAMIC_NO_PIC = NO;
				GCC_NO_COMMON_BLOCKS = YES;
				GCC_OPTIMIZATION_LEVEL = 0;
				GCC_PREPROCESSOR_DEFINITIONS = (
					"$(inherited)",
					"DEBUG=1",
				);
				GCC_WARN_64_TO_32_BIT_CONVERSION = YES;
				GCC_WARN_ABOUT_RETURN_TYPE = YES_ERROR;
				GCC_WARN_UNDECLARED_SELECTOR = YES;
				GCC_WARN_UNINITIALIZED_AUTOS = YES_AGGRESSIVE;
				GCC_WARN_UNUSED_FUNCTION = YES;
				GCC_WARN_UNUSED_VARIABLE = YES;
				IPHONEOS_DEPLOYMENT_TARGET = 26.0;
				MTL_ENABLE_DEBUG_INFO = INCLUDE_SOURCE;
				MTL_FAST_MATH = YES;
				ONLY_ACTIVE_ARCH = YES;
				PRODUCT_NAME = "$(TARGET_NAME)";
				SDKROOT = iphoneos;
				SWIFT_ACTIVE_COMPILATION_CONDITIONS = DEBUG;
				SWIFT_OPTIMIZATION_LEVEL = "-Onone";
				SWIFT_VERSION = 5.0;
			};
			name = Debug;
		};
		AF549D8387255FF561FBE1B1 /* Release */ = {
			isa = XCBuildConfiguration;
			buildSettings = {
				ASSETCATALOG_COMPILER_APPICON_NAME = AppIcon;
				ASSETCATALOG_COMPILER_GLOBAL_ACCENT_COLOR_NAME = AccentColor;
				ASSETCATALOG_COMPILER_INCLUDE_ALL_APPICON_ASSETS = YES;
				CODE_SIGN_ENTITLEMENTS = Nagz/Nagz.entitlements;
				CODE_SIGN_IDENTITY = "iPhone Developer";
				CODE_SIGN_STYLE = Automatic;
				CURRENT_PROJECT_VERSION = 14;
				DEVELOPMENT_TEAM = NEAY582ME4;
				ENABLE_USER_SCRIPT_SANDBOXING = NO;
				INFOPLIST_FILE = Nagz/Info.plist;
				LD_RUNPATH_SEARCH_PATHS = (
					"$(inherited)",
					"@executable_path/Frameworks",
				);
				MARKETING_VERSION = 1.3.0;
				PRODUCT_BUNDLE_IDENTIFIER = com.nagz.app;
				SDKROOT = iphoneos;
				SWIFT_VERSION = 6.0;
				TARGETED_DEVICE_FAMILY = "1,2";
			};
			name = Release;
		};
		EA754CD25E50E065590A2D91 /* Debug */ = {
			isa = XCBuildConfiguration;
			buildSettings = {
				BUNDLE_LOADER = "$(TEST_HOST)";
				GENERATE_INFOPLIST_FILE = YES;
				LD_RUNPATH_SEARCH_PATHS = (
					"$(inherited)",
					"@executable_path/Frameworks",
					"@loader_path/Frameworks",
				);
				PRODUCT_BUNDLE_IDENTIFIER = com.nagz.NagzTests;
				SDKROOT = iphoneos;
				SWIFT_VERSION = 6.0;
				TARGETED_DEVICE_FAMILY = "1,2";
				TEST_HOST = "$(BUILT_PRODUCTS_DIR)/Nagz.app/Nagz";
			};
			name = Debug;
		};
/* End XCBuildConfiguration section */

/* Begin XCConfigurationList section */
		45F141232C0CBBB4CF2B45DE /* Build configuration list for PBXProject "Nagz" */ = {
			isa = XCConfigurationList;
			buildConfigurations = (
				67EA40E3CD0E561CB68DCBC0 /* Debug */,
				0642D9163230E15B17C28837 /* Release */,
			);
			defaultConfigurationIsVisible = 0;
			defaultConfigurationName = Debug;
		};
		4A4F2BA48023B0A68B707FEA /* Build configuration list for PBXNativeTarget "Nagz" */ = {
			isa = XCConfigurationList;
			buildConfigurations = (
				61A6F13180B57F234A89B279 /* Debug */,
				AF549D8387255FF561FBE1B1 /* Release */,
			);
			defaultConfigurationIsVisible = 0;
			defaultConfigurationName = Debug;
		};
		9371CC9D6834A3D3B0D5820E /* Build configuration list for PBXNativeTarget "NagzTests" */ = {
			isa = XCConfigurationList;
			buildConfigurations = (
				EA754CD25E50E065590A2D91 /* Debug */,
				17C79A9694C16D355F7AF52A /* Release */,
			);
			defaultConfigurationIsVisible = 0;
			defaultConfigurationName = Debug;
		};
/* End XCConfigurationList section */

/* Begin XCLocalSwiftPackageReference section */
		E461B9DC78FA21FD330B2A4D /* XCLocalSwiftPackageReference "../nagz-ai" */ = {
			isa = XCLocalSwiftPackageReference;
			relativePath = "../nagz-ai";
		};
/* End XCLocalSwiftPackageReference section */

/* Begin XCRemoteSwiftPackageReference section */
		B3EE353BC8F5F0D49247FA9E /* XCRemoteSwiftPackageReference "GRDB.swift" */ = {
			isa = XCRemoteSwiftPackageReference;
			repositoryURL = "https://github.com/groue/GRDB.swift.git";
			requirement = {
				kind = upToNextMajorVersion;
				minimumVersion = 7.0.0;
			};
		};
		DB471355E3D294EFBC7ABD99 /* XCRemoteSwiftPackageReference "KeychainAccess" */ = {
			isa = XCRemoteSwiftPackageReference;
			repositoryURL = "https://github.com/kishikawakatsumi/KeychainAccess.git";
			requirement = {
				kind = upToNextMajorVersion;
				minimumVersion = 4.2.2;
			};
		};
/* End XCRemoteSwiftPackageReference section */

/* Begin XCSwiftPackageProductDependency section */
		545A46357975BAA1644730CE /* KeychainAccess */ = {
			isa = XCSwiftPackageProductDependency;
			package = DB471355E3D294EFBC7ABD99 /* XCRemoteSwiftPackageReference "KeychainAccess" */;
			productName = KeychainAccess;
		};
		6AA6D2A0605204CDBCCED3B3 /* GRDB */ = {
			isa = XCSwiftPackageProductDependency;
			package = B3EE353BC8F5F0D49247FA9E /* XCRemoteSwiftPackageReference "GRDB.swift" */;
			productName = GRDB;
		};
		AA0470813CE5E9E39FC7A9BA /* NagzAI */ = {
			isa = XCSwiftPackageProductDependency;
			productName = NagzAI;
		};
/* End XCSwiftPackageProductDependency section */
	};
	rootObject = 07D2A0280A1C8F115CEAD3AB /* Project object */;
}
